
Microsoft Visual Studio Solution File, Format Version 12.00
# Visual Studio Version 17
VisualStudioVersion = 17.8.34525.116
MinimumVisualStudioVersion = 10.0.40219.1
Project("{FAE04EC0-301F-11D3-BF4B-00C04F79EFBC}") = "WebApiPairScalp", "WebApiPairScalp\WebApiPairScalp.csproj", "{D67A11E3-8158-494E-8219-37EFE2B2D0A0}"
EndProject
Global
	GlobalSection(SolutionConfigurationPlatforms) = preSolution
		Debug|Any CPU = Debug|Any CPU
		Release|Any CPU = Release|Any CPU
	EndGlobalSection
	GlobalSection(ProjectConfigurationPlatforms) = postSolution
		{D67A11E3-8158-494E-8219-37EFE2B2D0A0}.Debug|Any CPU.ActiveCfg = Debug|Any CPU
		{D67A11E3-8158-494E-8219-37EFE2B2D0A0}.Debug|Any CPU.Build.0 = Debug|Any CPU
		{D67A11E3-8158-494E-8219-37EFE2B2D0A0}.Release|Any CPU.ActiveCfg = Release|Any CPU
		{D67A11E3-8158-494E-8219-37EFE2B2D0A0}.Release|Any CPU.Build.0 = Release|Any CPU
	EndGlobalSection
	GlobalSection(SolutionProperties) = preSolution
		HideSolutionNode = FALSE
	EndGlobalSection
	GlobalSection(ExtensibilityGlobals) = postSolution
		SolutionGuid = {7BCC8AAA-E7D3-4DA0-BBB1-9CE892F69FCF}
	EndGlobalSection
EndGlobal
